# This file was autogenerated by Stack.
# You should not edit this file by hand.
# For more information, please see the documentation at:
#   https://docs.haskellstack.org/en/stable/lock_files

packages:
- completed:
    hackage: sets-0.0.6.2@sha256:e89953c3a198905f8bf910eec520fbd40f05f9a38b60a9b37d186fcc32c8d3e1,3046
    pantry-tree:
      sha256: 6d398cb8bd65698887d0fefc33e5c6b97aa51e8ffac5c5f3876b273bceee106b
      size: 1427
  original:
    hackage: sets-0.0.6.2
snapshots:
- completed:
    sha256: 428ec8d5ce932190d3cbe266b9eb3c175cd81e984babf876b64019e2cbe4ea68
    size: 590100
    url: https://raw.githubusercontent.com/commercialhaskell/stackage-snapshots/master/lts/18/28.yaml
  original: lts-18.28
