# This file was autogenerated by Stack.
# You should not edit this file by hand.
# For more information, please see the documentation at:
#   https://docs.haskellstack.org/en/stable/lock_files

packages:
- completed:
    hackage: acme-missiles-0.3@sha256:2ba66a092a32593880a87fb00f3213762d7bca65a687d45965778deb8694c5d1,613
    pantry-tree:
      sha256: 614bc0cca76937507ea0a5ccc17a504c997ce458d7f2f9e43b15a10c8eaeb033
      size: 226
  original:
    hackage: acme-missiles-0.3
- completed:
    commit: e7b331f14bcffb8367cd58fbfc8b40ec7642100a
    git: https://github.com/commercialhaskell/stack.git
    name: stack
    pantry-tree:
      sha256: 6fa5808c7dfc5a2cc8b90f26a7e744de52662420570b9092f19d3987d7fb1bf8
      size: 23178
    version: 1.0.5
  original:
    commit: e7b331f14bcffb8367cd58fbfc8b40ec7642100a
    git: https://github.com/commercialhaskell/stack.git
snapshots:
- completed:
    sha256: c632012da648385b9fa3c29f4e0afd56ead299f1c5528ee789058be410e883c0
    size: 585393
    url: https://raw.githubusercontent.com/commercialhaskell/stackage-snapshots/master/lts/18/0.yaml
  original: lts-18.0
